
Microsoft Visual Studio Solution File, Format Version 12.00
# Visual Studio Version 17
VisualStudioVersion = 17.1.32210.238
MinimumVisualStudioVersion = 10.0.40219.1
Project("{9A19103F-16F7-4668-BE54-9A1E7A4F7556}") = "Backend", "Backend\Backend.csproj", "{449EF671-0FB8-425A-ADFF-B907F1B230D4}"
EndProject
Project("{9A19103F-16F7-4668-BE54-9A1E7A4F7556}") = "BackendTests", "BackendTests\BackendTests.csproj", "{79F69637-6FFE-4AFE-9DB1-EBE7C9CF2150}"
EndProject
Project("{FAE04EC0-301F-11D3-BF4B-00C04F79EFBC}") = "CRM App", "CRM App\CRM App.csproj", "{800C95FC-A58F-4B47-9493-AF4C0F5A3E34}"
EndProject
Global
	GlobalSection(SolutionConfigurationPlatforms) = preSolution
		Debug|Any CPU = Debug|Any CPU
		Debug|arm64 = Debug|arm64
		Debug|x64 = Debug|x64
		Debug|x86 = Debug|x86
		Release|Any CPU = Release|Any CPU
		Release|arm64 = Release|arm64
		Release|x64 = Release|x64
		Release|x86 = Release|x86
	EndGlobalSection
	GlobalSection(ProjectConfigurationPlatforms) = postSolution
		{449EF671-0FB8-425A-ADFF-B907F1B230D4}.Debug|Any CPU.ActiveCfg = Debug|Any CPU
		{449EF671-0FB8-425A-ADFF-B907F1B230D4}.Debug|Any CPU.Build.0 = Debug|Any CPU
		{449EF671-0FB8-425A-ADFF-B907F1B230D4}.Debug|arm64.ActiveCfg = Debug|Any CPU
		{449EF671-0FB8-425A-ADFF-B907F1B230D4}.Debug|arm64.Build.0 = Debug|Any CPU
		{449EF671-0FB8-425A-ADFF-B907F1B230D4}.Debug|x64.ActiveCfg = Debug|Any CPU
		{449EF671-0FB8-425A-ADFF-B907F1B230D4}.Debug|x64.Build.0 = Debug|Any CPU
		{449EF671-0FB8-425A-ADFF-B907F1B230D4}.Debug|x86.ActiveCfg = Debug|Any CPU
		{449EF671-0FB8-425A-ADFF-B907F1B230D4}.Debug|x86.Build.0 = Debug|Any CPU
		{449EF671-0FB8-425A-ADFF-B907F1B230D4}.Release|Any CPU.ActiveCfg = Release|Any CPU
		{449EF671-0FB8-425A-ADFF-B907F1B230D4}.Release|Any CPU.Build.0 = Release|Any CPU
		{449EF671-0FB8-425A-ADFF-B907F1B230D4}.Release|arm64.ActiveCfg = Release|Any CPU
		{449EF671-0FB8-425A-ADFF-B907F1B230D4}.Release|arm64.Build.0 = Release|Any CPU
		{449EF671-0FB8-425A-ADFF-B907F1B230D4}.Release|x64.ActiveCfg = Release|Any CPU
		{449EF671-0FB8-425A-ADFF-B907F1B230D4}.Release|x64.Build.0 = Release|Any CPU
		{449EF671-0FB8-425A-ADFF-B907F1B230D4}.Release|x86.ActiveCfg = Release|Any CPU
		{449EF671-0FB8-425A-ADFF-B907F1B230D4}.Release|x86.Build.0 = Release|Any CPU
		{79F69637-6FFE-4AFE-9DB1-EBE7C9CF2150}.Debug|Any CPU.ActiveCfg = Debug|Any CPU
		{79F69637-6FFE-4AFE-9DB1-EBE7C9CF2150}.Debug|Any CPU.Build.0 = Debug|Any CPU
		{79F69637-6FFE-4AFE-9DB1-EBE7C9CF2150}.Debug|arm64.ActiveCfg = Debug|Any CPU
		{79F69637-6FFE-4AFE-9DB1-EBE7C9CF2150}.Debug|arm64.Build.0 = Debug|Any CPU
		{79F69637-6FFE-4AFE-9DB1-EBE7C9CF2150}.Debug|x64.ActiveCfg = Debug|Any CPU
		{79F69637-6FFE-4AFE-9DB1-EBE7C9CF2150}.Debug|x64.Build.0 = Debug|Any CPU
		{79F69637-6FFE-4AFE-9DB1-EBE7C9CF2150}.Debug|x86.ActiveCfg = Debug|Any CPU
		{79F69637-6FFE-4AFE-9DB1-EBE7C9CF2150}.Debug|x86.Build.0 = Debug|Any CPU
		{79F69637-6FFE-4AFE-9DB1-EBE7C9CF2150}.Release|Any CPU.ActiveCfg = Release|Any CPU
		{79F69637-6FFE-4AFE-9DB1-EBE7C9CF2150}.Release|Any CPU.Build.0 = Release|Any CPU
		{79F69637-6FFE-4AFE-9DB1-EBE7C9CF2150}.Release|arm64.ActiveCfg = Release|Any CPU
		{79F69637-6FFE-4AFE-9DB1-EBE7C9CF2150}.Release|arm64.Build.0 = Release|Any CPU
		{79F69637-6FFE-4AFE-9DB1-EBE7C9CF2150}.Release|x64.ActiveCfg = Release|Any CPU
		{79F69637-6FFE-4AFE-9DB1-EBE7C9CF2150}.Release|x64.Build.0 = Release|Any CPU
		{79F69637-6FFE-4AFE-9DB1-EBE7C9CF2150}.Release|x86.ActiveCfg = Release|Any CPU
		{79F69637-6FFE-4AFE-9DB1-EBE7C9CF2150}.Release|x86.Build.0 = Release|Any CPU
		{800C95FC-A58F-4B47-9493-AF4C0F5A3E34}.Debug|Any CPU.ActiveCfg = Debug|x64
		{800C95FC-A58F-4B47-9493-AF4C0F5A3E34}.Debug|Any CPU.Build.0 = Debug|x64
		{800C95FC-A58F-4B47-9493-AF4C0F5A3E34}.Debug|Any CPU.Deploy.0 = Debug|x64
		{800C95FC-A58F-4B47-9493-AF4C0F5A3E34}.Debug|arm64.ActiveCfg = Debug|arm64
		{800C95FC-A58F-4B47-9493-AF4C0F5A3E34}.Debug|arm64.Build.0 = Debug|arm64
		{800C95FC-A58F-4B47-9493-AF4C0F5A3E34}.Debug|arm64.Deploy.0 = Debug|arm64
		{800C95FC-A58F-4B47-9493-AF4C0F5A3E34}.Debug|x64.ActiveCfg = Debug|x64
		{800C95FC-A58F-4B47-9493-AF4C0F5A3E34}.Debug|x64.Build.0 = Debug|x64
		{800C95FC-A58F-4B47-9493-AF4C0F5A3E34}.Debug|x64.Deploy.0 = Debug|x64
		{800C95FC-A58F-4B47-9493-AF4C0F5A3E34}.Debug|x86.ActiveCfg = Debug|x86
		{800C95FC-A58F-4B47-9493-AF4C0F5A3E34}.Debug|x86.Build.0 = Debug|x86
		{800C95FC-A58F-4B47-9493-AF4C0F5A3E34}.Debug|x86.Deploy.0 = Debug|x86
		{800C95FC-A58F-4B47-9493-AF4C0F5A3E34}.Release|Any CPU.ActiveCfg = Release|x64
		{800C95FC-A58F-4B47-9493-AF4C0F5A3E34}.Release|Any CPU.Build.0 = Release|x64
		{800C95FC-A58F-4B47-9493-AF4C0F5A3E34}.Release|Any CPU.Deploy.0 = Release|x64
		{800C95FC-A58F-4B47-9493-AF4C0F5A3E34}.Release|arm64.ActiveCfg = Release|arm64
		{800C95FC-A58F-4B47-9493-AF4C0F5A3E34}.Release|arm64.Build.0 = Release|arm64
		{800C95FC-A58F-4B47-9493-AF4C0F5A3E34}.Release|arm64.Deploy.0 = Release|arm64
		{800C95FC-A58F-4B47-9493-AF4C0F5A3E34}.Release|x64.ActiveCfg = Release|x64
		{800C95FC-A58F-4B47-9493-AF4C0F5A3E34}.Release|x64.Build.0 = Release|x64
		{800C95FC-A58F-4B47-9493-AF4C0F5A3E34}.Release|x64.Deploy.0 = Release|x64
		{800C95FC-A58F-4B47-9493-AF4C0F5A3E34}.Release|x86.ActiveCfg = Release|x86
		{800C95FC-A58F-4B47-9493-AF4C0F5A3E34}.Release|x86.Build.0 = Release|x86
		{800C95FC-A58F-4B47-9493-AF4C0F5A3E34}.Release|x86.Deploy.0 = Release|x86
	EndGlobalSection
	GlobalSection(SolutionProperties) = preSolution
		HideSolutionNode = FALSE
	EndGlobalSection
	GlobalSection(ExtensibilityGlobals) = postSolution
		SolutionGuid = {A6EDEA14-8EFB-4F4D-BE8D-CFEE411F9F48}
	EndGlobalSection
EndGlobal
